{
  "requires": true,
  "lockfileVersion": 1,
  "dependencies": {
    "amdefine": {
      "version": "1.0.1",
      "resolved": "https://registry.npmjs.org/amdefine/-/amdefine-1.0.1.tgz",
      "integrity": "sha1-SlKCrBZHKek2Gbz9OtFR+BfOkfU="
    },
    "argparse": {
      "version": "0.1.16",
      "resolved": "https://registry.npmjs.org/argparse/-/argparse-0.1.16.tgz",
      "integrity": "sha1-z9AeD7uj1srtBJ+9dY1A9lGW9Xw=",
      "requires": {
        "underscore": "1.7.0",
        "underscore.string": "2.4.0"
      },
      "dependencies": {
        "underscore": {
          "version": "1.7.0",
          "resolved": "https://registry.npmjs.org/underscore/-/underscore-1.7.0.tgz",
          "integrity": "sha1-a7rwh3UA02vjTsqlhODbn+8DUgk="
        }
      }
    },
    "async": {
      "version": "0.2.10",
      "resolved": "https://registry.npmjs.org/async/-/async-0.2.10.tgz",
      "integrity": "sha1-trvgsGdLnXGXCMo43owjfLUmw9E="
    },
    "coffee-script": {
      "version": "1.6.3",
      "resolved": "https://registry.npmjs.org/coffee-script/-/coffee-script-1.6.3.tgz",
      "integrity": "sha1-Y1XTLPGwTN/2tITl5xF4Ky8MOb4="
    },
    "coffeelint": {
      "version": "0.5.7",
      "resolved": "https://registry.npmjs.org/coffeelint/-/coffeelint-0.5.7.tgz",
      "integrity": "sha1-PRJc3emV1kHL2ECwrFNsXN9vaNs=",
      "requires": {
        "coffee-script": "1.6.2",
        "glob": "3.1.14",
        "optimist": "0.3.5"
      },
      "dependencies": {
        "coffee-script": {
          "version": "1.6.2",
          "resolved": "https://registry.npmjs.org/coffee-script/-/coffee-script-1.6.2.tgz",
          "integrity": "sha1-/ZyINpweQeMwegoWDXE/IlE8k7M="
        },
        "glob": {
          "version": "3.1.14",
          "resolved": "https://registry.npmjs.org/glob/-/glob-3.1.14.tgz",
          "integrity": "sha1-+XpzHEHaZpXcg5RLuyF36aKbNj0=",
          "requires": {
            "graceful-fs": "1.1.14",
            "inherits": "1.0.0",
            "minimatch": "0.2.9"
          },
          "dependencies": {
            "graceful-fs": {
              "version": "1.1.14",
              "resolved": "https://registry.npmjs.org/graceful-fs/-/graceful-fs-1.1.14.tgz",
              "integrity": "sha1-BweNtfY3f2Mh/Oqu30l94STclGU="
            },
            "inherits": {
              "version": "1.0.0",
              "resolved": "https://registry.npmjs.org/inherits/-/inherits-1.0.0.tgz",
              "integrity": "sha1-OOGXUoW/H3upyE2hArsSdxMirEg="
            },
            "minimatch": {
              "version": "0.2.9",
              "resolved": "https://registry.npmjs.org/minimatch/-/minimatch-0.2.9.tgz",
              "integrity": "sha1-uAr5R+aoOoxo8m5UwNYSW6yfiH8=",
              "requires": {
                "lru-cache": "2.0.4",
                "sigmund": "1.0.0"
              },
              "dependencies": {
                "lru-cache": {
                  "version": "2.0.4",
                  "resolved": "https://registry.npmjs.org/lru-cache/-/lru-cache-2.0.4.tgz",
                  "integrity": "sha1-uLYa4JhIOF7Gdodg45wSPn45Voo="
                },
                "sigmund": {
                  "version": "1.0.0",
                  "resolved": "https://registry.npmjs.org/sigmund/-/sigmund-1.0.0.tgz",
                  "integrity": "sha1-ZqKzp0mui1+4nv1PzAHclPvgIpY="
                }
              }
            }
          }
        },
        "optimist": {
          "version": "0.3.5",
          "resolved": "https://registry.npmjs.org/optimist/-/optimist-0.3.5.tgz",
          "integrity": "sha1-A2VLUkFwMDEtEJ85sVmCW2AwkwQ=",
          "requires": {
            "wordwrap": "0.0.2"
          },
          "dependencies": {
            "wordwrap": {
              "version": "0.0.2",
              "resolved": "https://registry.npmjs.org/wordwrap/-/wordwrap-0.0.2.tgz",
              "integrity": "sha1-t5Zpu0LstAn4PVg8rVLKF+qhZD8="
            }
          }
        },
        "vows": {
          "version": "0.7.0",
          "resolved": "https://registry.npmjs.org/vows/-/vows-0.7.0.tgz",
          "integrity": "sha1-3QBl8RC6DAptY+hEhRwyCBdtWGc=",
          "requires": {
            "diff": "1.0.4",
            "eyes": "0.1.8"
          },
          "dependencies": {
            "diff": {
              "version": "1.0.4",
              "resolved": "https://registry.npmjs.org/diff/-/diff-1.0.4.tgz",
              "integrity": "sha1-+P4oT7rB1lHUGxHTzqkT/ZOM2RU="
            },
            "eyes": {
              "version": "0.1.8",
              "resolved": "https://registry.npmjs.org/eyes/-/eyes-0.1.8.tgz",
              "integrity": "sha1-Ys8SAjTGg3hdkCNIqADvPgzCC8A="
            }
          }
        }
      }
    },
    "colors": {
      "version": "0.6.2",
      "resolved": "https://registry.npmjs.org/colors/-/colors-0.6.2.tgz",
      "integrity": "sha1-JCP+ZnisDF2uiFLl0OW+CMmXq8w="
    },
    "commander": {
      "version": "1.1.1",
      "resolved": "https://registry.npmjs.org/commander/-/commander-1.1.1.tgz",
      "integrity": "sha1-UNFlGGiuYOzP8KLZ80WVN2vGsEE=",
      "requires": {
        "keypress": "0.1.0"
      }
    },
    "cssom": {
      "version": "0.2.5",
      "resolved": "https://registry.npmjs.org/cssom/-/cssom-0.2.5.tgz",
      "integrity": "sha1-JoJwm1kC5yEt9SkRb/eIzVslSJQ="
    },
    "debug": {
      "version": "3.0.1",
      "resolved": "https://registry.npmjs.org/debug/-/debug-3.0.1.tgz",
      "integrity": "sha512-6nVc6S36qbt/mutyt+UGMnawAMrPDZUPQjRZI3FS9tCtDRhvxJbK79unYBLPi+z5SLXQ3ftoVBFCblQtNSls8w==",
      "requires": {
        "ms": "2.0.0"
      }
    },
    "docco": {
      "version": "git://github.com/abe33/docco.git#199cbc8addca9500287938182e986958f4126f36"
    },
    "esprima": {
      "version": "1.0.4",
      "resolved": "https://registry.npmjs.org/esprima/-/esprima-1.0.4.tgz",
      "integrity": "sha1-n1V+CPw7TSbs6d00+Pv0drYlha0="
    },
    "fileset": {
      "version": "0.1.8",
      "resolved": "https://registry.npmjs.org/fileset/-/fileset-0.1.8.tgz",
      "integrity": "sha1-UGuRqTluqn4y+0KoQHfHoMc2t0E=",
      "requires": {
        "glob": "3.2.11",
        "minimatch": "0.3.0"
      }
    },
    "gaze": {
      "version": "0.3.4",
      "resolved": "https://registry.npmjs.org/gaze/-/gaze-0.3.4.tgz",
      "integrity": "sha1-X5S92gr+U7xxCWm81vKCVI1gwnk=",
      "requires": {
        "fileset": "0.1.8",
        "minimatch": "0.2.14"
      },
      "dependencies": {
        "minimatch": {
          "version": "0.2.14",
          "resolved": "https://registry.npmjs.org/minimatch/-/minimatch-0.2.14.tgz",
          "integrity": "sha1-x054BXT2PG+aCQ6Q775u9TpqdWo=",
          "requires": {
            "lru-cache": "2.7.3",
            "sigmund": "1.0.1"
          }
        }
      }
    },
    "glob": {
      "version": "3.2.11",
      "resolved": "https://registry.npmjs.org/glob/-/glob-3.2.11.tgz",
      "integrity": "sha1-Spc/Y1uRkPcV0QmH1cAP0oFevj0=",
      "requires": {
        "inherits": "2.0.3",
        "minimatch": "0.3.0"
      }
    },
    "growly": {
      "version": "1.1.1",
      "resolved": "https://registry.npmjs.org/growly/-/growly-1.1.1.tgz",
      "integrity": "sha1-60NKDlbwJB2Chky/1BEscJESQvo="
    },
    "haml-coffee": {
      "version": "1.11.4",
      "resolved": "https://registry.npmjs.org/haml-coffee/-/haml-coffee-1.11.4.tgz",
      "integrity": "sha1-gHMTur0Wn2fWdYmm4/yS+xt+/18=",
      "requires": {
        "coffee-script": "1.6.3",
        "optimist": "0.5.2",
        "walkdir": "0.0.12"
      }
    },
    "highlight.js": {
      "version": "git://github.com/abe33/highlight.js.git#8abb167e3d4aa687c04dde55658658ef2e8f48af"
    },
    "inherits": {
      "version": "2.0.3",
      "resolved": "https://registry.npmjs.org/inherits/-/inherits-2.0.3.tgz",
      "integrity": "sha1-Yzwsg+PaQqUC9SRmAiSA9CCCYd4="
    },
    "jasmine-node": {
      "version": "git://github.com/abe33/jasmine-node.git#d29d337278a819e1014aece77a3c6924440da03a",
      "requires": {
        "coffee-script": "1.6.3",
        "gaze": "0.3.4",
        "jasmine-reporters": "2.2.1",
        "requirejs": "2.3.5",
        "underscore": "1.8.3",
        "walkdir": "0.0.12"
      }
    },
    "jasmine-reporters": {
      "version": "2.2.1",
      "resolved": "https://registry.npmjs.org/jasmine-reporters/-/jasmine-reporters-2.2.1.tgz",
      "integrity": "sha1-3pqSATZ4RiaefKit/1tEIhZx/L0=",
      "requires": {
        "mkdirp": "0.5.1",
        "xmldom": "0.1.27"
      }
    },
    "js-yaml": {
      "version": "2.0.5",
      "resolved": "https://registry.npmjs.org/js-yaml/-/js-yaml-2.0.5.tgz",
      "integrity": "sha1-olrmUJmZ6X3yeMZxnaEb0Gh3Q6g=",
      "requires": {
        "argparse": "0.1.16",
        "esprima": "1.0.4"
      }
    },
    "keypress": {
      "version": "0.1.0",
      "resolved": "https://registry.npmjs.org/keypress/-/keypress-0.1.0.tgz",
      "integrity": "sha1-SjGI1CkbZrT2XtuZ+AaqmuKTWSo="
    },
    "lru-cache": {
      "version": "2.7.3",
      "resolved": "https://registry.npmjs.org/lru-cache/-/lru-cache-2.7.3.tgz",
      "integrity": "sha1-bUUk6LlV+V1PW1iFHOId1y+06VI="
    },
    "marked": {
      "version": "0.2.10",
      "resolved": "https://registry.npmjs.org/marked/-/marked-0.2.10.tgz",
      "integrity": "sha1-1f1oJxyq5hxV0pHQe9UDTP9ec+4="
    },
    "minimatch": {
      "version": "0.3.0",
      "resolved": "https://registry.npmjs.org/minimatch/-/minimatch-0.3.0.tgz",
      "integrity": "sha1-J12O2qxPG7MyZHIInnlJyDlGmd0=",
      "requires": {
        "lru-cache": "2.7.3",
        "sigmund": "1.0.1"
      }
    },
    "minimist": {
      "version": "0.0.8",
      "resolved": "https://registry.npmjs.org/minimist/-/minimist-0.0.8.tgz",
      "integrity": "sha1-hX/Kv8M5fSYluCKCYuhqp6ARsF0="
    },
    "mkdirp": {
      "version": "0.5.1",
      "resolved": "https://registry.npmjs.org/mkdirp/-/mkdirp-0.5.1.tgz",
      "integrity": "sha1-MAV0OOrGz3+MR2fzhkjWaX11yQM=",
      "requires": {
        "minimist": "0.0.8"
      }
    },
    "ms": {
      "version": "2.0.0",
      "resolved": "https://registry.npmjs.org/ms/-/ms-2.0.0.tgz",
      "integrity": "sha1-VgiurfwAvmwpAd9fmGF4jeDVl8g="
    },
    "mustache": {
      "version": "0.7.3",
      "resolved": "https://registry.npmjs.org/mustache/-/mustache-0.7.3.tgz",
      "integrity": "sha1-JI1o0LEFA5eEj6Y0wkRsGPMEkOk="
    },
    "neat": {
      "version": "1.2.2",
      "resolved": "https://registry.npmjs.org/neat/-/neat-1.2.2.tgz",
      "integrity": "sha1-fyz+z0gmQkxEHnu2iszTR8v6ptA=",
      "requires": {
        "coffee-script": "1.6.3",
        "coffeelint": "0.5.7",
        "colors": "0.6.2",
        "commander": "1.1.1",
        "docco": "git://github.com/abe33/docco.git#199cbc8addca9500287938182e986958f4126f36",
        "glob": "3.2.11",
        "growly": "1.1.1",
        "haml-coffee": "1.11.4",
        "highlight.js": "git://github.com/abe33/highlight.js.git#8abb167e3d4aa687c04dde55658658ef2e8f48af",
        "jasmine-node": "git://github.com/abe33/jasmine-node.git#d29d337278a819e1014aece77a3c6924440da03a",
        "js-yaml": "2.0.5",
        "marked": "0.2.10",
        "mustache": "0.7.3",
        "notify-send": "0.1.2",
        "q": "0.9.3",
        "stylus": "0.32.1",
        "uglify-js": "2.3.6"
      }
    },
    "notify-send": {
      "version": "0.1.2",
      "resolved": "https://registry.npmjs.org/notify-send/-/notify-send-0.1.2.tgz",
      "integrity": "sha1-I8GXux6jSAXW2ad+YbQP124buAo="
    },
    "optimist": {
      "version": "0.5.2",
      "resolved": "https://registry.npmjs.org/optimist/-/optimist-0.5.2.tgz",
      "integrity": "sha1-hcjBRUszFeSniUfoV7HfAzRQv7w=",
      "requires": {
        "wordwrap": "0.0.3"
      }
    },
    "q": {
      "version": "0.9.3",
      "resolved": "https://registry.npmjs.org/q/-/q-0.9.3.tgz",
      "integrity": "sha1-QE6rutDQMe01/LU/fFvAYoO050w="
    },
    "requirejs": {
      "version": "2.3.5",
      "resolved": "https://registry.npmjs.org/requirejs/-/requirejs-2.3.5.tgz",
      "integrity": "sha512-svnO+aNcR/an9Dpi44C7KSAy5fFGLtmPbaaCeQaklUz8BQhS64tWWIIlvEA5jrWICzlO/X9KSzSeXFnZdBu8nw=="
    },
    "sigmund": {
      "version": "1.0.1",
      "resolved": "https://registry.npmjs.org/sigmund/-/sigmund-1.0.1.tgz",
      "integrity": "sha1-P/IfGYytIXX587eBhT/ZTQ0ZtZA="
    },
    "source-map": {
      "version": "0.1.43",
      "resolved": "https://registry.npmjs.org/source-map/-/source-map-0.1.43.tgz",
      "integrity": "sha1-wkvBRspRfBRx9drL4lcbK3+eM0Y=",
      "requires": {
        "amdefine": "1.0.1"
      }
    },
    "stylus": {
      "version": "0.32.1",
      "resolved": "https://registry.npmjs.org/stylus/-/stylus-0.32.1.tgz",
      "integrity": "sha1-PSgnW9nxgQhfjdD6UqhVlpaXghI=",
      "requires": {
        "cssom": "0.2.5",
        "debug": "3.0.1",
        "mkdirp": "0.3.5"
      },
      "dependencies": {
        "mkdirp": {
          "version": "0.3.5",
          "resolved": "https://registry.npmjs.org/mkdirp/-/mkdirp-0.3.5.tgz",
          "integrity": "sha1-3j5fiWHIjHh+4TaN+EmsRBPsqNc="
        }
      }
    },
    "uglify-js": {
      "version": "2.3.6",
      "resolved": "https://registry.npmjs.org/uglify-js/-/uglify-js-2.3.6.tgz",
      "integrity": "sha1-+gmEdwtCi3qbKoBY9GNV0U/vIRo=",
      "requires": {
        "async": "0.2.10",
        "optimist": "0.3.7",
        "source-map": "0.1.43"
      },
      "dependencies": {
        "optimist": {
          "version": "0.3.7",
          "resolved": "https://registry.npmjs.org/optimist/-/optimist-0.3.7.tgz",
          "integrity": "sha1-yQlBrVnkJzMokjB00s8ufLxuwNk=",
          "requires": {
            "wordwrap": "0.0.3"
          }
        }
      }
    },
    "underscore": {
      "version": "1.8.3",
      "resolved": "https://registry.npmjs.org/underscore/-/underscore-1.8.3.tgz",
      "integrity": "sha1-Tz+1OxBuYJf8+ctBCfKl6b36UCI="
    },
    "underscore.string": {
      "version": "2.4.0",
      "resolved": "https://registry.npmjs.org/underscore.string/-/underscore.string-2.4.0.tgz",
      "integrity": "sha1-jN2PusTi0uoefi6Al8QvRCKA+Fs="
    },
    "walkdir": {
      "version": "0.0.12",
      "resolved": "https://registry.npmjs.org/walkdir/-/walkdir-0.0.12.tgz",
      "integrity": "sha512-HFhaD4mMWPzFSqhpyDG48KDdrjfn409YQuVW7ckZYhW4sE87mYtWifdB/+73RA7+p4s4K18n5Jfx1kHthE1gBw=="
    },
    "wordwrap": {
      "version": "0.0.3",
      "resolved": "https://registry.npmjs.org/wordwrap/-/wordwrap-0.0.3.tgz",
      "integrity": "sha1-o9XabNXAvAAI03I0u68b7WMFkQc="
    },
    "xmldom": {
      "version": "0.1.27",
      "resolved": "https://registry.npmjs.org/xmldom/-/xmldom-0.1.27.tgz",
      "integrity": "sha1-1QH5ezvbQDr4757MIFcxh6rawOk="
    }
  }
}
